
Microsoft Visual Studio Solution File, Format Version 12.00
# Visual Studio Version 17
VisualStudioVersion = 17.12.35527.113 d17.12
MinimumVisualStudioVersion = 10.0.40219.1
Project("{FAE04EC0-301F-11D3-BF4B-00C04F79EFBC}") = "GitIssueManager.Api", "GitIssueManager.Api.csproj", "{4D5DE9E5-BBC3-4E1E-B00F-5875E2A651E2}"
EndProject
Project("{FAE04EC0-301F-11D3-BF4B-00C04F79EFBC}") = "GitIssueManager.Core", "..\GitIssueManager.Core\GitIssueManager.Core.csproj", "{FEA65B2B-37B1-47DB-926D-B359F753ECB3}"
EndProject
Project("{FAE04EC0-301F-11D3-BF4B-00C04F79EFBC}") = "GitIssueManager.Tests", "..\GitIssueManager.Tests\GitIssueManager.Tests.csproj", "{1A705542-B422-449B-88E6-A572EF4BE19D}"
EndProject
Global
	GlobalSection(SolutionConfigurationPlatforms) = preSolution
		Debug|Any CPU = Debug|Any CPU
		Release|Any CPU = Release|Any CPU
	EndGlobalSection
	GlobalSection(ProjectConfigurationPlatforms) = postSolution
		{4D5DE9E5-BBC3-4E1E-B00F-5875E2A651E2}.Debug|Any CPU.ActiveCfg = Debug|Any CPU
		{4D5DE9E5-BBC3-4E1E-B00F-5875E2A651E2}.Debug|Any CPU.Build.0 = Debug|Any CPU
		{4D5DE9E5-BBC3-4E1E-B00F-5875E2A651E2}.Release|Any CPU.ActiveCfg = Release|Any CPU
		{4D5DE9E5-BBC3-4E1E-B00F-5875E2A651E2}.Release|Any CPU.Build.0 = Release|Any CPU
		{FEA65B2B-37B1-47DB-926D-B359F753ECB3}.Debug|Any CPU.ActiveCfg = Debug|Any CPU
		{FEA65B2B-37B1-47DB-926D-B359F753ECB3}.Debug|Any CPU.Build.0 = Debug|Any CPU
		{FEA65B2B-37B1-47DB-926D-B359F753ECB3}.Release|Any CPU.ActiveCfg = Release|Any CPU
		{FEA65B2B-37B1-47DB-926D-B359F753ECB3}.Release|Any CPU.Build.0 = Release|Any CPU
		{1A705542-B422-449B-88E6-A572EF4BE19D}.Debug|Any CPU.ActiveCfg = Debug|Any CPU
		{1A705542-B422-449B-88E6-A572EF4BE19D}.Debug|Any CPU.Build.0 = Debug|Any CPU
		{1A705542-B422-449B-88E6-A572EF4BE19D}.Release|Any CPU.ActiveCfg = Release|Any CPU
		{1A705542-B422-449B-88E6-A572EF4BE19D}.Release|Any CPU.Build.0 = Release|Any CPU
	EndGlobalSection
	GlobalSection(SolutionProperties) = preSolution
		HideSolutionNode = FALSE
	EndGlobalSection
EndGlobal
